// !$*UTF8*$!
{
	archiveVersion = 1;
	classes = {
	};
	objectVersion = 46;
	objects = {

/* Begin PBXBuildFile section */
		54221EE00D5F3EECCA4E8454 /* Pods_FogFrame.framework in Frameworks */ = {isa = PBXBuildFile; fileRef = 9AD865F67754DD38F8E71DDC /* Pods_FogFrame.framework */; };
		5A48CADB1EC2C6C70073B0BF /* main.m in Sources */ = {isa = PBXBuildFile; fileRef = 5A48CADA1EC2C6C70073B0BF /* main.m */; };
		5A48CADE1EC2C6C70073B0BF /* AppDelegate.m in Sources */ = {isa = PBXBuildFile; fileRef = 5A48CADD1EC2C6C70073B0BF /* AppDelegate.m */; };
		5A48CAE11EC2C6C70073B0BF /* ViewController.m in Sources */ = {isa = PBXBuildFile; fileRef = 5A48CAE01EC2C6C70073B0BF /* ViewController.m */; };
		5A48CAE41EC2C6C70073B0BF /* Main.storyboard in Resources */ = {isa = PBXBuildFile; fileRef = 5A48CAE21EC2C6C70073B0BF /* Main.storyboard */; };
		5A48CAE61EC2C6C70073B0BF /* Assets.xcassets in Resources */ = {isa = PBXBuildFile; fileRef = 5A48CAE51EC2C6C70073B0BF /* Assets.xcassets */; };
		5A48CAE91EC2C6C70073B0BF /* LaunchScreen.storyboard in Resources */ = {isa = PBXBuildFile; fileRef = 5A48CAE71EC2C6C70073B0BF /* LaunchScreen.storyboard */; };
		5A48CAF41EC2C6C70073B0BF /* FogFrameTests.m in Sources */ = {isa = PBXBuildFile; fileRef = 5A48CAF31EC2C6C70073B0BF /* FogFrameTests.m */; };
		5A48CAFF1EC2C6C70073B0BF /* FogFrameUITests.m in Sources */ = {isa = PBXBuildFile; fileRef = 5A48CAFE1EC2C6C70073B0BF /* FogFrameUITests.m */; };
		5A48CB0E1EC2D1AC0073B0BF /* AVFoundation.framework in Frameworks */ = {isa = PBXBuildFile; fileRef = 5A48CB0D1EC2D1AC0073B0BF /* AVFoundation.framework */; };
		5A6E3BD31ECE36360001710F /* selectImageIcon.png in Resources */ = {isa = PBXBuildFile; fileRef = 5A6E3BD21ECE36360001710F /* selectImageIcon.png */; };
		5A6E3BD61ECE60060001710F /* TestViewController.m in Sources */ = {isa = PBXBuildFile; fileRef = 5A6E3BD51ECE60060001710F /* TestViewController.m */; };
		5A6E3BD91ECEB5650001710F /* FrameCollectionViewCell.m in Sources */ = {isa = PBXBuildFile; fileRef = 5A6E3BD81ECEB5650001710F /* FrameCollectionViewCell.m */; };
		5A6E3BDB1ECF081C0001710F /* libsqlite3.tbd in Frameworks */ = {isa = PBXBuildFile; fileRef = 5A6E3BDA1ECF081C0001710F /* libsqlite3.tbd */; };
		5A6E3BDE1ECF083A0001710F /* DBManager.m in Sources */ = {isa = PBXBuildFile; fileRef = 5A6E3BDD1ECF083A0001710F /* DBManager.m */; };
		5A6E3BE01ECF14B50001710F /* Database.db in Resources */ = {isa = PBXBuildFile; fileRef = 5A6E3BDF1ECF14B50001710F /* Database.db */; };
		5A8484761EC39A8C00593538 /* ConnectionViewController.m in Sources */ = {isa = PBXBuildFile; fileRef = 5A8484751EC39A8C00593538 /* ConnectionViewController.m */; };
/* End PBXBuildFile section */

/* Begin PBXContainerItemProxy section */
		5A48CAF01EC2C6C70073B0BF /* PBXContainerItemProxy */ = {
			isa = PBXContainerItemProxy;
			containerPortal = 5A48CACE1EC2C6C70073B0BF /* Project object */;
			proxyType = 1;
			remoteGlobalIDString = 5A48CAD51EC2C6C70073B0BF;
			remoteInfo = FogFrame;
		};
		5A48CAFB1EC2C6C70073B0BF /* PBXContainerItemProxy */ = {
			isa = PBXContainerItemProxy;
			containerPortal = 5A48CACE1EC2C6C70073B0BF /* Project object */;
			proxyType = 1;
			remoteGlobalIDString = 5A48CAD51EC2C6C70073B0BF;
			remoteInfo = FogFrame;
		};
/* End PBXContainerItemProxy section */

/* Begin PBXFileReference section */
		0B23721296390BE0FC7E7060 /* Pods-FogFrame.debug.xcconfig */ = {isa = PBXFileReference; includeInIndex = 1; lastKnownFileType = text.xcconfig; name = "Pods-FogFrame.debug.xcconfig"; path = "Pods/Target Support Files/Pods-FogFrame/Pods-FogFrame.debug.xcconfig"; sourceTree = "<group>"; };
		5A48CAD61EC2C6C70073B0BF /* FogFrame.app */ = {isa = PBXFileReference; explicitFileType = wrapper.application; includeInIndex = 0; path = FogFrame.app; sourceTree = BUILT_PRODUCTS_DIR; };
		5A48CADA1EC2C6C70073B0BF /* main.m */ = {isa = PBXFileReference; lastKnownFileType = sourcecode.c.objc; path = main.m; sourceTree = "<group>"; };
		5A48CADC1EC2C6C70073B0BF /* AppDelegate.h */ = {isa = PBXFileReference; lastKnownFileType = sourcecode.c.h; path = AppDelegate.h; sourceTree = "<group>"; };
		5A48CADD1EC2C6C70073B0BF /* AppDelegate.m */ = {isa = PBXFileReference; lastKnownFileType = sourcecode.c.objc; path = AppDelegate.m; sourceTree = "<group>"; };
		5A48CADF1EC2C6C70073B0BF /* ViewController.h */ = {isa = PBXFileReference; lastKnownFileType = sourcecode.c.h; path = ViewController.h; sourceTree = "<group>"; };
		5A48CAE01EC2C6C70073B0BF /* ViewController.m */ = {isa = PBXFileReference; lastKnownFileType = sourcecode.c.objc; path = ViewController.m; sourceTree = "<group>"; };
		5A48CAE31EC2C6C70073B0BF /* Base */ = {isa = PBXFileReference; lastKnownFileType = file.storyboard; name = Base; path = Base.lproj/Main.storyboard; sourceTree = "<group>"; };
		5A48CAE51EC2C6C70073B0BF /* Assets.xcassets */ = {isa = PBXFileReference; lastKnownFileType = folder.assetcatalog; path = Assets.xcassets; sourceTree = "<group>"; };
		5A48CAE81EC2C6C70073B0BF /* Base */ = {isa = PBXFileReference; lastKnownFileType = file.storyboard; name = Base; path = Base.lproj/LaunchScreen.storyboard; sourceTree = "<group>"; };
		5A48CAEA1EC2C6C70073B0BF /* Info.plist */ = {isa = PBXFileReference; lastKnownFileType = text.plist.xml; path = Info.plist; sourceTree = "<group>"; };
		5A48CAEF1EC2C6C70073B0BF /* FogFrameTests.xctest */ = {isa = PBXFileReference; explicitFileType = wrapper.cfbundle; includeInIndex = 0; path = FogFrameTests.xctest; sourceTree = BUILT_PRODUCTS_DIR; };
		5A48CAF31EC2C6C70073B0BF /* FogFrameTests.m */ = {isa = PBXFileReference; lastKnownFileType = sourcecode.c.objc; path = FogFrameTests.m; sourceTree = "<group>"; };
		5A48CAF51EC2C6C70073B0BF /* Info.plist */ = {isa = PBXFileReference; lastKnownFileType = text.plist.xml; path = Info.plist; sourceTree = "<group>"; };
		5A48CAFA1EC2C6C70073B0BF /* FogFrameUITests.xctest */ = {isa = PBXFileReference; explicitFileType = wrapper.cfbundle; includeInIndex = 0; path = FogFrameUITests.xctest; sourceTree = BUILT_PRODUCTS_DIR; };
		5A48CAFE1EC2C6C70073B0BF /* FogFrameUITests.m */ = {isa = PBXFileReference; lastKnownFileType = sourcecode.c.objc; path = FogFrameUITests.m; sourceTree = "<group>"; };
		5A48CB001EC2C6C70073B0BF /* Info.plist */ = {isa = PBXFileReference; lastKnownFileType = text.plist.xml; path = Info.plist; sourceTree = "<group>"; };
		5A48CB0D1EC2D1AC0073B0BF /* AVFoundation.framework */ = {isa = PBXFileReference; lastKnownFileType = wrapper.framework; name = AVFoundation.framework; path = System/Library/Frameworks/AVFoundation.framework; sourceTree = SDKROOT; };
		5A6E3BD21ECE36360001710F /* selectImageIcon.png */ = {isa = PBXFileReference; lastKnownFileType = image.png; path = selectImageIcon.png; sourceTree = "<group>"; };
		5A6E3BD41ECE60060001710F /* TestViewController.h */ = {isa = PBXFileReference; fileEncoding = 4; lastKnownFileType = sourcecode.c.h; path = TestViewController.h; sourceTree = "<group>"; };
		5A6E3BD51ECE60060001710F /* TestViewController.m */ = {isa = PBXFileReference; fileEncoding = 4; lastKnownFileType = sourcecode.c.objc; path = TestViewController.m; sourceTree = "<group>"; };
		5A6E3BD71ECEB5650001710F /* FrameCollectionViewCell.h */ = {isa = PBXFileReference; fileEncoding = 4; lastKnownFileType = sourcecode.c.h; path = FrameCollectionViewCell.h; sourceTree = "<group>"; };
		5A6E3BD81ECEB5650001710F /* FrameCollectionViewCell.m */ = {isa = PBXFileReference; fileEncoding = 4; lastKnownFileType = sourcecode.c.objc; path = FrameCollectionViewCell.m; sourceTree = "<group>"; };
		5A6E3BDA1ECF081C0001710F /* libsqlite3.tbd */ = {isa = PBXFileReference; lastKnownFileType = "sourcecode.text-based-dylib-definition"; name = libsqlite3.tbd; path = usr/lib/libsqlite3.tbd; sourceTree = SDKROOT; };
		5A6E3BDC1ECF083A0001710F /* DBManager.h */ = {isa = PBXFileReference; fileEncoding = 4; lastKnownFileType = sourcecode.c.h; path = DBManager.h; sourceTree = "<group>"; };
		5A6E3BDD1ECF083A0001710F /* DBManager.m */ = {isa = PBXFileReference; fileEncoding = 4; lastKnownFileType = sourcecode.c.objc; path = DBManager.m; sourceTree = "<group>"; };
		5A6E3BDF1ECF14B50001710F /* Database.db */ = {isa = PBXFileReference; lastKnownFileType = file; path = Database.db; sourceTree = "<group>"; };
		5A8484741EC39A8C00593538 /* ConnectionViewController.h */ = {isa = PBXFileReference; fileEncoding = 4; lastKnownFileType = sourcecode.c.h; path = ConnectionViewController.h; sourceTree = "<group>"; };
		5A8484751EC39A8C00593538 /* ConnectionViewController.m */ = {isa = PBXFileReference; fileEncoding = 4; lastKnownFileType = sourcecode.c.objc; path = ConnectionViewController.m; sourceTree = "<group>"; };
		849ADB67BC47A2C91F3AC406 /* Pods-FogFrame.release.xcconfig */ = {isa = PBXFileReference; includeInIndex = 1; lastKnownFileType = text.xcconfig; name = "Pods-FogFrame.release.xcconfig"; path = "Pods/Target Support Files/Pods-FogFrame/Pods-FogFrame.release.xcconfig"; sourceTree = "<group>"; };
		9AD865F67754DD38F8E71DDC /* Pods_FogFrame.framework */ = {isa = PBXFileReference; explicitFileType = wrapper.framework; includeInIndex = 0; path = Pods_FogFrame.framework; sourceTree = BUILT_PRODUCTS_DIR; };
/* End PBXFileReference section */

/* Begin PBXFrameworksBuildPhase section */
		5A48CAD31EC2C6C70073B0BF /* Frameworks */ = {
			isa = PBXFrameworksBuildPhase;
			buildActionMask = 2147483647;
			files = (
				5A6E3BDB1ECF081C0001710F /* libsqlite3.tbd in Frameworks */,
				5A48CB0E1EC2D1AC0073B0BF /* AVFoundation.framework in Frameworks */,
				54221EE00D5F3EECCA4E8454 /* Pods_FogFrame.framework in Frameworks */,
			);
			runOnlyForDeploymentPostprocessing = 0;
		};
		5A48CAEC1EC2C6C70073B0BF /* Frameworks */ = {
			isa = PBXFrameworksBuildPhase;
			buildActionMask = 2147483647;
			files = (
			);
			runOnlyForDeploymentPostprocessing = 0;
		};
		5A48CAF71EC2C6C70073B0BF /* Frameworks */ = {
			isa = PBXFrameworksBuildPhase;
			buildActionMask = 2147483647;
			files = (
			);
			runOnlyForDeploymentPostprocessing = 0;
		};
/* End PBXFrameworksBuildPhase section */

/* Begin PBXGroup section */
		5A48CACD1EC2C6C70073B0BF = {
			isa = PBXGroup;
			children = (
				5A6E3BDF1ECF14B50001710F /* Database.db */,
				5A48CAD81EC2C6C70073B0BF /* FogFrame */,
				5A48CAF21EC2C6C70073B0BF /* FogFrameTests */,
				5A48CAFD1EC2C6C70073B0BF /* FogFrameUITests */,
				5A48CAD71EC2C6C70073B0BF /* Products */,
				5A48CB0C1EC2D1AC0073B0BF /* Frameworks */,
				D82A76CDD7B0A840FBFF6D63 /* Pods */,
			);
			sourceTree = "<group>";
		};
		5A48CAD71EC2C6C70073B0BF /* Products */ = {
			isa = PBXGroup;
			children = (
				5A48CAD61EC2C6C70073B0BF /* FogFrame.app */,
				5A48CAEF1EC2C6C70073B0BF /* FogFrameTests.xctest */,
				5A48CAFA1EC2C6C70073B0BF /* FogFrameUITests.xctest */,
			);
			name = Products;
			sourceTree = "<group>";
		};
		5A48CAD81EC2C6C70073B0BF /* FogFrame */ = {
			isa = PBXGroup;
			children = (
				5A6E3BD21ECE36360001710F /* selectImageIcon.png */,
				5A48CADC1EC2C6C70073B0BF /* AppDelegate.h */,
				5A48CADD1EC2C6C70073B0BF /* AppDelegate.m */,
				5A48CADF1EC2C6C70073B0BF /* ViewController.h */,
				5A48CAE01EC2C6C70073B0BF /* ViewController.m */,
				5A8484741EC39A8C00593538 /* ConnectionViewController.h */,
				5A8484751EC39A8C00593538 /* ConnectionViewController.m */,
				5A6E3BD41ECE60060001710F /* TestViewController.h */,
				5A6E3BD51ECE60060001710F /* TestViewController.m */,
				5A6E3BD71ECEB5650001710F /* FrameCollectionViewCell.h */,
				5A6E3BD81ECEB5650001710F /* FrameCollectionViewCell.m */,
				5A6E3BDC1ECF083A0001710F /* DBManager.h */,
				5A6E3BDD1ECF083A0001710F /* DBManager.m */,
				5A48CAE21EC2C6C70073B0BF /* Main.storyboard */,
				5A48CAE51EC2C6C70073B0BF /* Assets.xcassets */,
				5A48CAE71EC2C6C70073B0BF /* LaunchScreen.storyboard */,
				5A48CAEA1EC2C6C70073B0BF /* Info.plist */,
				5A48CAD91EC2C6C70073B0BF /* Supporting Files */,
			);
			path = FogFrame;
			sourceTree = "<group>";
		};
		5A48CAD91EC2C6C70073B0BF /* Supporting Files */ = {
			isa = PBXGroup;
			children = (
				5A48CADA1EC2C6C70073B0BF /* main.m */,
			);
			name = "Supporting Files";
			sourceTree = "<group>";
		};
		5A48CAF21EC2C6C70073B0BF /* FogFrameTests */ = {
			isa = PBXGroup;
			children = (
				5A48CAF31EC2C6C70073B0BF /* FogFrameTests.m */,
				5A48CAF51EC2C6C70073B0BF /* Info.plist */,
			);
			path = FogFrameTests;
			sourceTree = "<group>";
		};
		5A48CAFD1EC2C6C70073B0BF /* FogFrameUITests */ = {
			isa = PBXGroup;
			children = (
				5A48CAFE1EC2C6C70073B0BF /* FogFrameUITests.m */,
				5A48CB001EC2C6C70073B0BF /* Info.plist */,
			);
			path = FogFrameUITests;
			sourceTree = "<group>";
		};
		5A48CB0C1EC2D1AC0073B0BF /* Frameworks */ = {
			isa = PBXGroup;
			children = (
				5A6E3BDA1ECF081C0001710F /* libsqlite3.tbd */,
				5A48CB0D1EC2D1AC0073B0BF /* AVFoundation.framework */,
				9AD865F67754DD38F8E71DDC /* Pods_FogFrame.framework */,
			);
			name = Frameworks;
			sourceTree = "<group>";
		};
		D82A76CDD7B0A840FBFF6D63 /* Pods */ = {
			isa = PBXGroup;
			children = (
				0B23721296390BE0FC7E7060 /* Pods-FogFrame.debug.xcconfig */,
				849ADB67BC47A2C91F3AC406 /* Pods-FogFrame.release.xcconfig */,
			);
			name = Pods;
			sourceTree = "<group>";
		};
/* End PBXGroup section */

/* Begin PBXNativeTarget section */
		5A48CAD51EC2C6C70073B0BF /* FogFrame */ = {
			isa = PBXNativeTarget;
			buildConfigurationList = 5A48CB031EC2C6C70073B0BF /* Build configuration list for PBXNativeTarget "FogFrame" */;
			buildPhases = (
				BD2CDB55425F61EE922F28BE /* [CP] Check Pods Manifest.lock */,
				5A48CAD21EC2C6C70073B0BF /* Sources */,
				5A48CAD31EC2C6C70073B0BF /* Frameworks */,
				5A48CAD41EC2C6C70073B0BF /* Resources */,
				20B3B82593E3FBBE3C56BA9A /* [CP] Embed Pods Frameworks */,
				2B85DED0C21910210E8A7292 /* [CP] Copy Pods Resources */,
			);
			buildRules = (
			);
			dependencies = (
			);
			name = FogFrame;
			productName = FogFrame;
			productReference = 5A48CAD61EC2C6C70073B0BF /* FogFrame.app */;
			productType = "com.apple.product-type.application";
		};
		5A48CAEE1EC2C6C70073B0BF /* FogFrameTests */ = {
			isa = PBXNativeTarget;
			buildConfigurationList = 5A48CB061EC2C6C70073B0BF /* Build configuration list for PBXNativeTarget "FogFrameTests" */;
			buildPhases = (
				5A48CAEB1EC2C6C70073B0BF /* Sources */,
				5A48CAEC1EC2C6C70073B0BF /* Frameworks */,
				5A48CAED1EC2C6C70073B0BF /* Resources */,
			);
			buildRules = (
			);
			dependencies = (
				5A48CAF11EC2C6C70073B0BF /* PBXTargetDependency */,
			);
			name = FogFrameTests;
			productName = FogFrameTests;
			productReference = 5A48CAEF1EC2C6C70073B0BF /* FogFrameTests.xctest */;
			productType = "com.apple.product-type.bundle.unit-test";
		};
		5A48CAF91EC2C6C70073B0BF /* FogFrameUITests */ = {
			isa = PBXNativeTarget;
			buildConfigurationList = 5A48CB091EC2C6C70073B0BF /* Build configuration list for PBXNativeTarget "FogFrameUITests" */;
			buildPhases = (
				5A48CAF61EC2C6C70073B0BF /* Sources */,
				5A48CAF71EC2C6C70073B0BF /* Frameworks */,
				5A48CAF81EC2C6C70073B0BF /* Resources */,
			);
			buildRules = (
			);
			dependencies = (
				5A48CAFC1EC2C6C70073B0BF /* PBXTargetDependency */,
			);
			name = FogFrameUITests;
			productName = FogFrameUITests;
			productReference = 5A48CAFA1EC2C6C70073B0BF /* FogFrameUITests.xctest */;
			productType = "com.apple.product-type.bundle.ui-testing";
		};
/* End PBXNativeTarget section */

/* Begin PBXProject section */
		5A48CACE1EC2C6C70073B0BF /* Project object */ = {
			isa = PBXProject;
			attributes = {
				LastUpgradeCheck = 0830;
				ORGANIZATIONNAME = Anirban;
				TargetAttributes = {
					5A48CAD51EC2C6C70073B0BF = {
						CreatedOnToolsVersion = 8.3.2;
						DevelopmentTeam = XE6XA4DH2N;
						ProvisioningStyle = Automatic;
					};
					5A48CAEE1EC2C6C70073B0BF = {
						CreatedOnToolsVersion = 8.3.2;
						DevelopmentTeam = XE6XA4DH2N;
						ProvisioningStyle = Automatic;
						TestTargetID = 5A48CAD51EC2C6C70073B0BF;
					};
					5A48CAF91EC2C6C70073B0BF = {
						CreatedOnToolsVersion = 8.3.2;
						DevelopmentTeam = XE6XA4DH2N;
						ProvisioningStyle = Automatic;
						TestTargetID = 5A48CAD51EC2C6C70073B0BF;
					};
				};
			};
			buildConfigurationList = 5A48CAD11EC2C6C70073B0BF /* Build configuration list for PBXProject "FogFrame" */;
			compatibilityVersion = "Xcode 3.2";
			developmentRegion = English;
			hasScannedForEncodings = 0;
			knownRegions = (
				en,
				Base,
			);
			mainGroup = 5A48CACD1EC2C6C70073B0BF;
			productRefGroup = 5A48CAD71EC2C6C70073B0BF /* Products */;
			projectDirPath = "";
			projectRoot = "";
			targets = (
				5A48CAD51EC2C6C70073B0BF /* FogFrame */,
				5A48CAEE1EC2C6C70073B0BF /* FogFrameTests */,
				5A48CAF91EC2C6C70073B0BF /* FogFrameUITests */,
			);
		};
/* End PBXProject section */

/* Begin PBXResourcesBuildPhase section */
		5A48CAD41EC2C6C70073B0BF /* Resources */ = {
			isa = PBXResourcesBuildPhase;
			buildActionMask = 2147483647;
			files = (
				5A48CAE91EC2C6C70073B0BF /* LaunchScreen.storyboard in Resources */,
				5A6E3BE01ECF14B50001710F /* Database.db in Resources */,
				5A48CAE61EC2C6C70073B0BF /* Assets.xcassets in Resources */,
				5A6E3BD31ECE36360001710F /* selectImageIcon.png in Resources */,
				5A48CAE41EC2C6C70073B0BF /* Main.storyboard in Resources */,
			);
			runOnlyForDeploymentPostprocessing = 0;
		};
		5A48CAED1EC2C6C70073B0BF /* Resources */ = {
			isa = PBXResourcesBuildPhase;
			buildActionMask = 2147483647;
			files = (
			);
			runOnlyForDeploymentPostprocessing = 0;
		};
		5A48CAF81EC2C6C70073B0BF /* Resources */ = {
			isa = PBXResourcesBuildPhase;
			buildActionMask = 2147483647;
			files = (
			);
			runOnlyForDeploymentPostprocessing = 0;
		};
/* End PBXResourcesBuildPhase section */

/* Begin PBXShellScriptBuildPhase section */
		20B3B82593E3FBBE3C56BA9A /* [CP] Embed Pods Frameworks */ = {
			isa = PBXShellScriptBuildPhase;
			buildActionMask = 2147483647;
			files = (
			);
			inputPaths = (
			);
			name = "[CP] Embed Pods Frameworks";
			outputPaths = (
			);
			runOnlyForDeploymentPostprocessing = 0;
			shellPath = /bin/sh;
			shellScript = "\"${SRCROOT}/Pods/Target Support Files/Pods-FogFrame/Pods-FogFrame-frameworks.sh\"\n";
			showEnvVarsInLog = 0;
		};
		2B85DED0C21910210E8A7292 /* [CP] Copy Pods Resources */ = {
			isa = PBXShellScriptBuildPhase;
			buildActionMask = 2147483647;
			files = (
			);
			inputPaths = (
			);
			name = "[CP] Copy Pods Resources";
			outputPaths = (
			);
			runOnlyForDeploymentPostprocessing = 0;
			shellPath = /bin/sh;
			shellScript = "\"${SRCROOT}/Pods/Target Support Files/Pods-FogFrame/Pods-FogFrame-resources.sh\"\n";
			showEnvVarsInLog = 0;
		};
		BD2CDB55425F61EE922F28BE /* [CP] Check Pods Manifest.lock */ = {
			isa = PBXShellScriptBuildPhase;
			buildActionMask = 2147483647;
			files = (
			);
			inputPaths = (
			);
			name = "[CP] Check Pods Manifest.lock";
			outputPaths = (
			);
			runOnlyForDeploymentPostprocessing = 0;
			shellPath = /bin/sh;
			shellScript = "diff \"${PODS_ROOT}/../Podfile.lock\" \"${PODS_ROOT}/Manifest.lock\" > /dev/null\nif [ $? != 0 ] ; then\n    # print error to STDERR\n    echo \"error: The sandbox is not in sync with the Podfile.lock. Run 'pod install' or update your CocoaPods installation.\" >&2\n    exit 1\nfi\n";
			showEnvVarsInLog = 0;
		};
/* End PBXShellScriptBuildPhase section */

/* Begin PBXSourcesBuildPhase section */
		5A48CAD21EC2C6C70073B0BF /* Sources */ = {
			isa = PBXSourcesBuildPhase;
			buildActionMask = 2147483647;
			files = (
				5A6E3BDE1ECF083A0001710F /* DBManager.m in Sources */,
				5A6E3BD91ECEB5650001710F /* FrameCollectionViewCell.m in Sources */,
				5A8484761EC39A8C00593538 /* ConnectionViewController.m in Sources */,
				5A48CAE11EC2C6C70073B0BF /* ViewController.m in Sources */,
				5A48CADE1EC2C6C70073B0BF /* AppDelegate.m in Sources */,
				5A48CADB1EC2C6C70073B0BF /* main.m in Sources */,
				5A6E3BD61ECE60060001710F /* TestViewController.m in Sources */,
			);
			runOnlyForDeploymentPostprocessing = 0;
		};
		5A48CAEB1EC2C6C70073B0BF /* Sources */ = {
			isa = PBXSourcesBuildPhase;
			buildActionMask = 2147483647;
			files = (
				5A48CAF41EC2C6C70073B0BF /* FogFrameTests.m in Sources */,
			);
			runOnlyForDeploymentPostprocessing = 0;
		};
		5A48CAF61EC2C6C70073B0BF /* Sources */ = {
			isa = PBXSourcesBuildPhase;
			buildActionMask = 2147483647;
			files = (
				5A48CAFF1EC2C6C70073B0BF /* FogFrameUITests.m in Sources */,
			);
			runOnlyForDeploymentPostprocessing = 0;
		};
/* End PBXSourcesBuildPhase section */

/* Begin PBXTargetDependency section */
		5A48CAF11EC2C6C70073B0BF /* PBXTargetDependency */ = {
			isa = PBXTargetDependency;
			target = 5A48CAD51EC2C6C70073B0BF /* FogFrame */;
			targetProxy = 5A48CAF01EC2C6C70073B0BF /* PBXContainerItemProxy */;
		};
		5A48CAFC1EC2C6C70073B0BF /* PBXTargetDependency */ = {
			isa = PBXTargetDependency;
			target = 5A48CAD51EC2C6C70073B0BF /* FogFrame */;
			targetProxy = 5A48CAFB1EC2C6C70073B0BF /* PBXContainerItemProxy */;
		};
/* End PBXTargetDependency section */

/* Begin PBXVariantGroup section */
		5A48CAE21EC2C6C70073B0BF /* Main.storyboard */ = {
			isa = PBXVariantGroup;
			children = (
				5A48CAE31EC2C6C70073B0BF /* Base */,
			);
			name = Main.storyboard;
			sourceTree = "<group>";
		};
		5A48CAE71EC2C6C70073B0BF /* LaunchScreen.storyboard */ = {
			isa = PBXVariantGroup;
			children = (
				5A48CAE81EC2C6C70073B0BF /* Base */,
			);
			name = LaunchScreen.storyboard;
			sourceTree = "<group>";
		};
/* End PBXVariantGroup section */

/* Begin XCBuildConfiguration section */
		5A48CB011EC2C6C70073B0BF /* Debug */ = {
			isa = XCBuildConfiguration;
			buildSettings = {
				ALWAYS_SEARCH_USER_PATHS = NO;
				CLANG_ANALYZER_NONNULL = YES;
				CLANG_ANALYZER_NUMBER_OBJECT_CONVERSION = YES_AGGRESSIVE;
				CLANG_CXX_LANGUAGE_STANDARD = "gnu++0x";
				CLANG_CXX_LIBRARY = "libc++";
				CLANG_ENABLE_MODULES = YES;
				CLANG_ENABLE_OBJC_ARC = YES;
				CLANG_WARN_BOOL_CONVERSION = YES;
				CLANG_WARN_CONSTANT_CONVERSION = YES;
				CLANG_WARN_DIRECT_OBJC_ISA_USAGE = YES_ERROR;
				CLANG_WARN_DOCUMENTATION_COMMENTS = YES;
				CLANG_WARN_EMPTY_BODY = YES;
				CLANG_WARN_ENUM_CONVERSION = YES;
				CLANG_WARN_INFINITE_RECURSION = YES;
				CLANG_WARN_INT_CONVERSION = YES;
				CLANG_WARN_OBJC_ROOT_CLASS = YES_ERROR;
				CLANG_WARN_SUSPICIOUS_MOVE = YES;
				CLANG_WARN_UNREACHABLE_CODE = YES;
				CLANG_WARN__DUPLICATE_METHOD_MATCH = YES;
				"CODE_SIGN_IDENTITY[sdk=iphoneos*]" = "iPhone Developer";
				COPY_PHASE_STRIP = NO;
				DEBUG_INFORMATION_FORMAT = dwarf;
				ENABLE_STRICT_OBJC_MSGSEND = YES;
				ENABLE_TESTABILITY = YES;
				GCC_C_LANGUAGE_STANDARD = gnu99;
				GCC_DYNAMIC_NO_PIC = NO;
				GCC_NO_COMMON_BLOCKS = YES;
				GCC_OPTIMIZATION_LEVEL = 0;
				GCC_PREPROCESSOR_DEFINITIONS = (
					"DEBUG=1",
					"$(inherited)",
				);
				GCC_WARN_64_TO_32_BIT_CONVERSION = YES;
				GCC_WARN_ABOUT_RETURN_TYPE = YES_ERROR;
				GCC_WARN_UNDECLARED_SELECTOR = YES;
				GCC_WARN_UNINITIALIZED_AUTOS = YES_AGGRESSIVE;
				GCC_WARN_UNUSED_FUNCTION = YES;
				GCC_WARN_UNUSED_VARIABLE = YES;
				IPHONEOS_DEPLOYMENT_TARGET = 10.3;
				MTL_ENABLE_DEBUG_INFO = YES;
				ONLY_ACTIVE_ARCH = YES;
				SDKROOT = iphoneos;
			};
			name = Debug;
		};
		5A48CB021EC2C6C70073B0BF /* Release */ = {
			isa = XCBuildConfiguration;
			buildSettings = {
				ALWAYS_SEARCH_USER_PATHS = NO;
				CLANG_ANALYZER_NONNULL = YES;
				CLANG_ANALYZER_NUMBER_OBJECT_CONVERSION = YES_AGGRESSIVE;
				CLANG_CXX_LANGUAGE_STANDARD = "gnu++0x";
				CLANG_CXX_LIBRARY = "libc++";
				CLANG_ENABLE_MODULES = YES;
				CLANG_ENABLE_OBJC_ARC = YES;
				CLANG_WARN_BOOL_CONVERSION = YES;
				CLANG_WARN_CONSTANT_CONVERSION = YES;
				CLANG_WARN_DIRECT_OBJC_ISA_USAGE = YES_ERROR;
				CLANG_WARN_DOCUMENTATION_COMMENTS = YES;
				CLANG_WARN_EMPTY_BODY = YES;
				CLANG_WARN_ENUM_CONVERSION = YES;
				CLANG_WARN_INFINITE_RECURSION = YES;
				CLANG_WARN_INT_CONVERSION = YES;
				CLANG_WARN_OBJC_ROOT_CLASS = YES_ERROR;
				CLANG_WARN_SUSPICIOUS_MOVE = YES;
				CLANG_WARN_UNREACHABLE_CODE = YES;
				CLANG_WARN__DUPLICATE_METHOD_MATCH = YES;
				"CODE_SIGN_IDENTITY[sdk=iphoneos*]" = "iPhone Developer";
				COPY_PHASE_STRIP = NO;
				DEBUG_INFORMATION_FORMAT = "dwarf-with-dsym";
				ENABLE_NS_ASSERTIONS = NO;
				ENABLE_STRICT_OBJC_MSGSEND = YES;
				GCC_C_LANGUAGE_STANDARD = gnu99;
				GCC_NO_COMMON_BLOCKS = YES;
				GCC_WARN_64_TO_32_BIT_CONVERSION = YES;
				GCC_WARN_ABOUT_RETURN_TYPE = YES_ERROR;
				GCC_WARN_UNDECLARED_SELECTOR = YES;
				GCC_WARN_UNINITIALIZED_AUTOS = YES_AGGRESSIVE;
				GCC_WARN_UNUSED_FUNCTION = YES;
				GCC_WARN_UNUSED_VARIABLE = YES;
				IPHONEOS_DEPLOYMENT_TARGET = 10.3;
				MTL_ENABLE_DEBUG_INFO = NO;
				SDKROOT = iphoneos;
				VALIDATE_PRODUCT = YES;
			};
			name = Release;
		};
		5A48CB041EC2C6C70073B0BF /* Debug */ = {
			isa = XCBuildConfiguration;
			baseConfigurationReference = 0B23721296390BE0FC7E7060 /* Pods-FogFrame.debug.xcconfig */;
			buildSettings = {
				ASSETCATALOG_COMPILER_APPICON_NAME = AppIcon;
				DEVELOPMENT_TEAM = XE6XA4DH2N;
				INFOPLIST_FILE = FogFrame/Info.plist;
				IPHONEOS_DEPLOYMENT_TARGET = 10.0;
				LD_RUNPATH_SEARCH_PATHS = "$(inherited) @executable_path/Frameworks";
				PRODUCT_BUNDLE_IDENTIFIER = com.anirban.FogFrame;
				PRODUCT_NAME = "$(TARGET_NAME)";
			};
			name = Debug;
		};
		5A48CB051EC2C6C70073B0BF /* Release */ = {
			isa = XCBuildConfiguration;
			baseConfigurationReference = 849ADB67BC47A2C91F3AC406 /* Pods-FogFrame.release.xcconfig */;
			buildSettings = {
				ASSETCATALOG_COMPILER_APPICON_NAME = AppIcon;
				DEVELOPMENT_TEAM = XE6XA4DH2N;
				INFOPLIST_FILE = FogFrame/Info.plist;
				IPHONEOS_DEPLOYMENT_TARGET = 10.0;
				LD_RUNPATH_SEARCH_PATHS = "$(inherited) @executable_path/Frameworks";
				PRODUCT_BUNDLE_IDENTIFIER = com.anirban.FogFrame;
				PRODUCT_NAME = "$(TARGET_NAME)";
			};
			name = Release;
		};
		5A48CB071EC2C6C70073B0BF /* Debug */ = {
			isa = XCBuildConfiguration;
			buildSettings = {
				BUNDLE_LOADER = "$(TEST_HOST)";
				DEVELOPMENT_TEAM = XE6XA4DH2N;
				INFOPLIST_FILE = FogFrameTests/Info.plist;
				LD_RUNPATH_SEARCH_PATHS = "$(inherited) @executable_path/Frameworks @loader_path/Frameworks";
				PRODUCT_BUNDLE_IDENTIFIER = com.anirban.FogFrameTests;
				PRODUCT_NAME = "$(TARGET_NAME)";
				TEST_HOST = "$(BUILT_PRODUCTS_DIR)/FogFrame.app/FogFrame";
			};
			name = Debug;
		};
		5A48CB081EC2C6C70073B0BF /* Release */ = {
			isa = XCBuildConfiguration;
			buildSettings = {
				BUNDLE_LOADER = "$(TEST_HOST)";
				DEVELOPMENT_TEAM = XE6XA4DH2N;
				INFOPLIST_FILE = FogFrameTests/Info.plist;
				LD_RUNPATH_SEARCH_PATHS = "$(inherited) @executable_path/Frameworks @loader_path/Frameworks";
				PRODUCT_BUNDLE_IDENTIFIER = com.anirban.FogFrameTests;
				PRODUCT_NAME = "$(TARGET_NAME)";
				TEST_HOST = "$(BUILT_PRODUCTS_DIR)/FogFrame.app/FogFrame";
			};
			name = Release;
		};
		5A48CB0A1EC2C6C70073B0BF /* Debug */ = {
			isa = XCBuildConfiguration;
			buildSettings = {
				DEVELOPMENT_TEAM = XE6XA4DH2N;
				INFOPLIST_FILE = FogFrameUITests/Info.plist;
				LD_RUNPATH_SEARCH_PATHS = "$(inherited) @executable_path/Frameworks @loader_path/Frameworks";
				PRODUCT_BUNDLE_IDENTIFIER = com.anirban.FogFrameUITests;
				PRODUCT_NAME = "$(TARGET_NAME)";
				TEST_TARGET_NAME = FogFrame;
			};
			name = Debug;
		};
		5A48CB0B1EC2C6C70073B0BF /* Release */ = {
			isa = XCBuildConfiguration;
			buildSettings = {
				DEVELOPMENT_TEAM = XE6XA4DH2N;
				INFOPLIST_FILE = FogFrameUITests/Info.plist;
				LD_RUNPATH_SEARCH_PATHS = "$(inherited) @executable_path/Frameworks @loader_path/Frameworks";
				PRODUCT_BUNDLE_IDENTIFIER = com.anirban.FogFrameUITests;
				PRODUCT_NAME = "$(TARGET_NAME)";
				TEST_TARGET_NAME = FogFrame;
			};
			name = Release;
		};
/* End XCBuildConfiguration section */

/* Begin XCConfigurationList section */
		5A48CAD11EC2C6C70073B0BF /* Build configuration list for PBXProject "FogFrame" */ = {
			isa = XCConfigurationList;
			buildConfigurations = (
				5A48CB011EC2C6C70073B0BF /* Debug */,
				5A48CB021EC2C6C70073B0BF /* Release */,
			);
			defaultConfigurationIsVisible = 0;
			defaultConfigurationName = Release;
		};
		5A48CB031EC2C6C70073B0BF /* Build configuration list for PBXNativeTarget "FogFrame" */ = {
			isa = XCConfigurationList;
			buildConfigurations = (
				5A48CB041EC2C6C70073B0BF /* Debug */,
				5A48CB051EC2C6C70073B0BF /* Release */,
			);
			defaultConfigurationIsVisible = 0;
			defaultConfigurationName = Release;
		};
		5A48CB061EC2C6C70073B0BF /* Build configuration list for PBXNativeTarget "FogFrameTests" */ = {
			isa = XCConfigurationList;
			buildConfigurations = (
				5A48CB071EC2C6C70073B0BF /* Debug */,
				5A48CB081EC2C6C70073B0BF /* Release */,
			);
			defaultConfigurationIsVisible = 0;
			defaultConfigurationName = Release;
		};
		5A48CB091EC2C6C70073B0BF /* Build configuration list for PBXNativeTarget "FogFrameUITests" */ = {
			isa = XCConfigurationList;
			buildConfigurations = (
				5A48CB0A1EC2C6C70073B0BF /* Debug */,
				5A48CB0B1EC2C6C70073B0BF /* Release */,
			);
			defaultConfigurationIsVisible = 0;
			defaultConfigurationName = Release;
		};
/* End XCConfigurationList section */
	};
	rootObject = 5A48CACE1EC2C6C70073B0BF /* Project object */;
}
